version: v1.5.2
dependencies:
  - name: alloy
    repository: https://grafana.github.io/helm-charts
    version: 1.8.2
  - name: beyla
    repository: https://grafana.github.io/helm-charts
    version: 1.16.7
  - name: cert-manager
    repository: https://charts.jetstack.io
    version: v1.20.2
  - name: faro-collector
    repository: https://leozw.github.io/faro-collector
    version: 1.1.0
  - name: kube-prometheus-stack
    repository: https://prometheus-community.github.io/helm-charts
    version: 86.1.0
  - name: prometheus-mysql-exporter
    repository: https://prometheus-community.github.io/helm-charts
    version: 2.14.0
digest: sha256:79be2166cf4b4e3e7470049e167c22a402fd23e6c5088a8bd066ea97e01bc2ab
generated: "2026-06-01T17:27:12.383815-03:00"
