version: v1.5.2
dependencies:
  - name: alloy
    repository: https://grafana.github.io/helm-charts
    version: 1.8.2
  - name: cert-manager
    repository: https://charts.jetstack.io
    version: v1.20.2
  - name: faro-collector
    repository: https://leozw.github.io/faro-collector
    version: 1.1.0
  - name: kube-prometheus-stack
    repository: https://prometheus-community.github.io/helm-charts
    version: 86.1.0
digest: sha256:5c7c3fe503ab239f7490a6390dab356858f67516750242e184543f9a791721fb
generated: "2026-05-31T13:01:58.012285-03:00"
